{
  "name": "vite-tinybase-ts-react-sync-server",
  "version": "1.0.0",
  "lockfileVersion": 3,
  "requires": true,
  "packages": {
    "": {
      "name": "vite-tinybase-ts-react-sync-server",
      "version": "1.0.0",
      "license": "MIT",
      "dependencies": {
        "tinybase": "^6.0.0",
        "ws": "^8.18.1"
      },
      "devDependencies": {
        "@flydotio/dockerfile": "^0.7.9",
        "@types/ws": "^8.18.0"
      }
    },
    "node_modules/@flydotio/dockerfile": {
      "version": "0.7.10",
      "resolved": "https://registry.npmjs.org/@flydotio/dockerfile/-/dockerfile-0.7.10.tgz",
      "integrity": "sha512-dTXqBjCl7nFmnhlyeDjjPtX+sdfYBWFH9PUKNqAYttvBiczKcYXxr7/0A0wZ+g1FB1tmMzsOzedgr6xap/AB9g==",
      "dev": true,
      "license": "MIT",
      "dependencies": {
        "chalk": "^5.4.1",
        "diff": "^7.0.0",
        "ejs": "^3.1.10",
        "inquirer": "^12.4.1",
        "shell-quote": "^1.8.2",
        "yargs": "^17.7.2"
      },
      "bin": {
        "dockerfile": "index.js"
      },
      "engines": {
        "node": ">=16.0.0"
      }
    },
    "node_modules/@inquirer/checkbox": {
      "version": "4.2.1",
      "resolved": "https://registry.npmjs.org/@inquirer/checkbox/-/checkbox-4.2.1.tgz",
      "integrity": "sha512-bevKGO6kX1eM/N+pdh9leS5L7TBF4ICrzi9a+cbWkrxeAeIcwlo/7OfWGCDERdRCI2/Q6tjltX4bt07ALHDwFw==",
      "dev": true,
      "license": "MIT",
      "dependencies": {
        "@inquirer/core": "^10.1.15",
        "@inquirer/figures": "^1.0.13",
        "@inquirer/type": "^3.0.8",
        "ansi-escapes": "^4.3.2",
        "yoctocolors-cjs": "^2.1.2"
      },
      "engines": {
        "node": ">=18"
      },
      "peerDependencies": {
        "@types/node": ">=18"
      },
      "peerDependenciesMeta": {
        "@types/node": {
          "optional": true
        }
      }
    },
    "node_modules/@inquirer/confirm": {
      "version": "5.1.15",
      "resolved": "https://registry.npmjs.org/@inquirer/confirm/-/confirm-5.1.15.tgz",
      "integrity": "sha512-SwHMGa8Z47LawQN0rog0sT+6JpiL0B7eW9p1Bb7iCeKDGTI5Ez25TSc2l8kw52VV7hA4sX/C78CGkMrKXfuspA==",
      "dev": true,
      "license": "MIT",
      "dependencies": {
        "@inquirer/core": "^10.1.15",
        "@inquirer/type": "^3.0.8"
      },
      "engines": {
        "node": ">=18"
      },
      "peerDependencies": {
        "@types/node": ">=18"
      },
      "peerDependenciesMeta": {
        "@types/node": {
          "optional": true
        }
      }
    },
    "node_modules/@inquirer/core": {
      "version": "10.1.15",
      "resolved": "https://registry.npmjs.org/@inquirer/core/-/core-10.1.15.tgz",
      "integrity": "sha512-8xrp836RZvKkpNbVvgWUlxjT4CraKk2q+I3Ksy+seI2zkcE+y6wNs1BVhgcv8VyImFecUhdQrYLdW32pAjwBdA==",
      "dev": true,
      "license": "MIT",
      "dependencies": {
        "@inquirer/figures": "^1.0.13",
        "@inquirer/type": "^3.0.8",
        "ansi-escapes": "^4.3.2",
        "cli-width": "^4.1.0",
        "mute-stream": "^2.0.0",
        "signal-exit": "^4.1.0",
        "wrap-ansi": "^6.2.0",
        "yoctocolors-cjs": "^2.1.2"
      },
      "engines": {
        "node": ">=18"
      },
      "peerDependencies": {
        "@types/node": ">=18"
      },
      "peerDependenciesMeta": {
        "@types/node": {
          "optional": true
        }
      }
    },
    "node_modules/@inquirer/editor": {
      "version": "4.2.17",
      "resolved": "https://registry.npmjs.org/@inquirer/editor/-/editor-4.2.17.tgz",
      "integrity": "sha512-r6bQLsyPSzbWrZZ9ufoWL+CztkSatnJ6uSxqd6N+o41EZC51sQeWOzI6s5jLb+xxTWxl7PlUppqm8/sow241gg==",
      "dev": true,
      "license": "MIT",
      "dependencies": {
        "@inquirer/core": "^10.1.15",
        "@inquirer/external-editor": "^1.0.1",
        "@inquirer/type": "^3.0.8"
      },
      "engines": {
        "node": ">=18"
      },
      "peerDependencies": {
        "@types/node": ">=18"
      },
      "peerDependenciesMeta": {
        "@types/node": {
          "optional": true
        }
      }
    },
    "node_modules/@inquirer/expand": {
      "version": "4.0.17",
      "resolved": "https://registry.npmjs.org/@inquirer/expand/-/expand-4.0.17.tgz",
      "integrity": "sha512-PSqy9VmJx/VbE3CT453yOfNa+PykpKg/0SYP7odez1/NWBGuDXgPhp4AeGYYKjhLn5lUUavVS/JbeYMPdH50Mw==",
      "dev": true,
      "license": "MIT",
      "dependencies": {
        "@inquirer/core": "^10.1.15",
        "@inquirer/type": "^3.0.8",
        "yoctocolors-cjs": "^2.1.2"
      },
      "engines": {
        "node": ">=18"
      },
      "peerDependencies": {
        "@types/node": ">=18"
      },
      "peerDependenciesMeta": {
        "@types/node": {
          "optional": true
        }
      }
    },
    "node_modules/@inquirer/external-editor": {
      "version": "1.0.1",
      "resolved": "https://registry.npmjs.org/@inquirer/external-editor/-/external-editor-1.0.1.tgz",
      "integrity": "sha512-Oau4yL24d2B5IL4ma4UpbQigkVhzPDXLoqy1ggK4gnHg/stmkffJE4oOXHXF3uz0UEpywG68KcyXsyYpA1Re/Q==",
      "dev": true,
      "license": "MIT",
      "dependencies": {
        "chardet": "^2.1.0",
        "iconv-lite": "^0.6.3"
      },
      "engines": {
        "node": ">=18"
      },
      "peerDependencies": {
        "@types/node": ">=18"
      },
      "peerDependenciesMeta": {
        "@types/node": {
          "optional": true
        }
      }
    },
    "node_modules/@inquirer/figures": {
      "version": "1.0.13",
      "resolved": "https://registry.npmjs.org/@inquirer/figures/-/figures-1.0.13.tgz",
      "integrity": "sha512-lGPVU3yO9ZNqA7vTYz26jny41lE7yoQansmqdMLBEfqaGsmdg7V3W9mK9Pvb5IL4EVZ9GnSDGMO/cJXud5dMaw==",
      "dev": true,
      "license": "MIT",
      "engines": {
        "node": ">=18"
      }
    },
    "node_modules/@inquirer/input": {
      "version": "4.2.1",
      "resolved": "https://registry.npmjs.org/@inquirer/input/-/input-4.2.1.tgz",
      "integrity": "sha512-tVC+O1rBl0lJpoUZv4xY+WGWY8V5b0zxU1XDsMsIHYregdh7bN5X5QnIONNBAl0K765FYlAfNHS2Bhn7SSOVow==",
      "dev": true,
      "license": "MIT",
      "dependencies": {
        "@inquirer/core": "^10.1.15",
        "@inquirer/type": "^3.0.8"
      },
      "engines": {
        "node": ">=18"
      },
      "peerDependencies": {
        "@types/node": ">=18"
      },
      "peerDependenciesMeta": {
        "@types/node": {
          "optional": true
        }
      }
    },
    "node_modules/@inquirer/number": {
      "version": "3.0.17",
      "resolved": "https://registry.npmjs.org/@inquirer/number/-/number-3.0.17.tgz",
      "integrity": "sha512-GcvGHkyIgfZgVnnimURdOueMk0CztycfC8NZTiIY9arIAkeOgt6zG57G+7vC59Jns3UX27LMkPKnKWAOF5xEYg==",
      "dev": true,
      "license": "MIT",
      "dependencies": {
        "@inquirer/core": "^10.1.15",
        "@inquirer/type": "^3.0.8"
      },
      "engines": {
        "node": ">=18"
      },
      "peerDependencies": {
        "@types/node": ">=18"
      },
      "peerDependenciesMeta": {
        "@types/node": {
          "optional": true
        }
      }
    },
    "node_modules/@inquirer/password": {
      "version": "4.0.17",
      "resolved": "https://registry.npmjs.org/@inquirer/password/-/password-4.0.17.tgz",
      "integrity": "sha512-DJolTnNeZ00E1+1TW+8614F7rOJJCM4y4BAGQ3Gq6kQIG+OJ4zr3GLjIjVVJCbKsk2jmkmv6v2kQuN/vriHdZA==",
      "dev": true,
      "license": "MIT",
      "dependencies": {
        "@inquirer/core": "^10.1.15",
        "@inquirer/type": "^3.0.8",
        "ansi-escapes": "^4.3.2"
      },
      "engines": {
        "node": ">=18"
      },
      "peerDependencies": {
        "@types/node": ">=18"
      },
      "peerDependenciesMeta": {
        "@types/node": {
          "optional": true
        }
      }
    },
    "node_modules/@inquirer/prompts": {
      "version": "7.8.3",
      "resolved": "https://registry.npmjs.org/@inquirer/prompts/-/prompts-7.8.3.tgz",
      "integrity": "sha512-iHYp+JCaCRktM/ESZdpHI51yqsDgXu+dMs4semzETftOaF8u5hwlqnbIsuIR/LrWZl8Pm1/gzteK9I7MAq5HTA==",
      "dev": true,
      "license": "MIT",
      "dependencies": {
        "@inquirer/checkbox": "^4.2.1",
        "@inquirer/confirm": "^5.1.15",
        "@inquirer/editor": "^4.2.17",
        "@inquirer/expand": "^4.0.17",
        "@inquirer/input": "^4.2.1",
        "@inquirer/number": "^3.0.17",
        "@inquirer/password": "^4.0.17",
        "@inquirer/rawlist": "^4.1.5",
        "@inquirer/search": "^3.1.0",
        "@inquirer/select": "^4.3.1"
      },
      "engines": {
        "node": ">=18"
      },
      "peerDependencies": {
        "@types/node": ">=18"
      },
      "peerDependenciesMeta": {
        "@types/node": {
          "optional": true
        }
      }
    },
    "node_modules/@inquirer/rawlist": {
      "version": "4.1.5",
      "resolved": "https://registry.npmjs.org/@inquirer/rawlist/-/rawlist-4.1.5.tgz",
      "integrity": "sha512-R5qMyGJqtDdi4Ht521iAkNqyB6p2UPuZUbMifakg1sWtu24gc2Z8CJuw8rP081OckNDMgtDCuLe42Q2Kr3BolA==",
      "dev": true,
      "license": "MIT",
      "dependencies": {
        "@inquirer/core": "^10.1.15",
        "@inquirer/type": "^3.0.8",
        "yoctocolors-cjs": "^2.1.2"
      },
      "engines": {
        "node": ">=18"
      },
      "peerDependencies": {
        "@types/node": ">=18"
      },
      "peerDependenciesMeta": {
        "@types/node": {
          "optional": true
        }
      }
    },
    "node_modules/@inquirer/search": {
      "version": "3.1.0",
      "resolved": "https://registry.npmjs.org/@inquirer/search/-/search-3.1.0.tgz",
      "integrity": "sha512-PMk1+O/WBcYJDq2H7foV0aAZSmDdkzZB9Mw2v/DmONRJopwA/128cS9M/TXWLKKdEQKZnKwBzqu2G4x/2Nqx8Q==",
      "dev": true,
      "license": "MIT",
      "dependencies": {
        "@inquirer/core": "^10.1.15",
        "@inquirer/figures": "^1.0.13",
        "@inquirer/type": "^3.0.8",
        "yoctocolors-cjs": "^2.1.2"
      },
      "engines": {
        "node": ">=18"
      },
      "peerDependencies": {
        "@types/node": ">=18"
      },
      "peerDependenciesMeta": {
        "@types/node": {
          "optional": true
        }
      }
    },
    "node_modules/@inquirer/select": {
      "version": "4.3.1",
      "resolved": "https://registry.npmjs.org/@inquirer/select/-/select-4.3.1.tgz",
      "integrity": "sha512-Gfl/5sqOF5vS/LIrSndFgOh7jgoe0UXEizDqahFRkq5aJBLegZ6WjuMh/hVEJwlFQjyLq1z9fRtvUMkb7jM1LA==",
      "dev": true,
      "license": "MIT",
      "dependencies": {
        "@inquirer/core": "^10.1.15",
        "@inquirer/figures": "^1.0.13",
        "@inquirer/type": "^3.0.8",
        "ansi-escapes": "^4.3.2",
        "yoctocolors-cjs": "^2.1.2"
      },
      "engines": {
        "node": ">=18"
      },
      "peerDependencies": {
        "@types/node": ">=18"
      },
      "peerDependenciesMeta": {
        "@types/node": {
          "optional": true
        }
      }
    },
    "node_modules/@inquirer/type": {
      "version": "3.0.8",
      "resolved": "https://registry.npmjs.org/@inquirer/type/-/type-3.0.8.tgz",
      "integrity": "sha512-lg9Whz8onIHRthWaN1Q9EGLa/0LFJjyM8mEUbL1eTi6yMGvBf8gvyDLtxSXztQsxMvhxxNpJYrwa1YHdq+w4Jw==",
      "dev": true,
      "license": "MIT",
      "engines": {
        "node": ">=18"
      },
      "peerDependencies": {
        "@types/node": ">=18"
      },
      "peerDependenciesMeta": {
        "@types/node": {
          "optional": true
        }
      }
    },
    "node_modules/@types/node": {
      "version": "24.3.0",
      "resolved": "https://registry.npmjs.org/@types/node/-/node-24.3.0.tgz",
      "integrity": "sha512-aPTXCrfwnDLj4VvXrm+UUCQjNEvJgNA8s5F1cvwQU+3KNltTOkBm1j30uNLyqqPNe7gE3KFzImYoZEfLhp4Yow==",
      "dev": true,
      "license": "MIT",
      "dependencies": {
        "undici-types": "~7.10.0"
      }
    },
    "node_modules/@types/ws": {
      "version": "8.18.1",
      "resolved": "https://registry.npmjs.org/@types/ws/-/ws-8.18.1.tgz",
      "integrity": "sha512-ThVF6DCVhA8kUGy+aazFQ4kXQ7E1Ty7A3ypFOe0IcJV8O/M511G99AW24irKrW56Wt44yG9+ij8FaqoBGkuBXg==",
      "dev": true,
      "license": "MIT",
      "dependencies": {
        "@types/node": "*"
      }
    },
    "node_modules/ansi-escapes": {
      "version": "4.3.2",
      "resolved": "https://registry.npmjs.org/ansi-escapes/-/ansi-escapes-4.3.2.tgz",
      "integrity": "sha512-gKXj5ALrKWQLsYG9jlTRmR/xKluxHV+Z9QEwNIgCfM1/uwPMCuzVVnh5mwTd+OuBZcwSIMbqssNWRm1lE51QaQ==",
      "dev": true,
      "license": "MIT",
      "dependencies": {
        "type-fest": "^0.21.3"
      },
      "engines": {
        "node": ">=8"
      },
      "funding": {
        "url": "https://github.com/sponsors/sindresorhus"
      }
    },
    "node_modules/ansi-regex": {
      "version": "5.0.1",
      "resolved": "https://registry.npmjs.org/ansi-regex/-/ansi-regex-5.0.1.tgz",
      "integrity": "sha512-quJQXlTSUGL2LH9SUXo8VwsY4soanhgo6LNSm84E1LBcE8s3O0wpdiRzyR9z/ZZJMlMWv37qOOb9pdJlMUEKFQ==",
      "dev": true,
      "license": "MIT",
      "engines": {
        "node": ">=8"
      }
    },
    "node_modules/ansi-styles": {
      "version": "4.3.0",
      "resolved": "https://registry.npmjs.org/ansi-styles/-/ansi-styles-4.3.0.tgz",
      "integrity": "sha512-zbB9rCJAT1rbjiVDb2hqKFHNYLxgtk8NURxZ3IZwD3F6NtxbXZQCnnSi1Lkx+IDohdPlFp222wVALIheZJQSEg==",
      "dev": true,
      "license": "MIT",
      "dependencies": {
        "color-convert": "^2.0.1"
      },
      "engines": {
        "node": ">=8"
      },
      "funding": {
        "url": "https://github.com/chalk/ansi-styles?sponsor=1"
      }
    },
    "node_modules/async": {
      "version": "3.2.6",
      "resolved": "https://registry.npmjs.org/async/-/async-3.2.6.tgz",
      "integrity": "sha512-htCUDlxyyCLMgaM3xXg0C0LW2xqfuQ6p05pCEIsXuyQ+a1koYKTuBMzRNwmybfLgvJDMd0r1LTn4+E0Ti6C2AA==",
      "dev": true,
      "license": "MIT"
    },
    "node_modules/balanced-match": {
      "version": "1.0.2",
      "resolved": "https://registry.npmjs.org/balanced-match/-/balanced-match-1.0.2.tgz",
      "integrity": "sha512-3oSeUO0TMV67hN1AmbXsK4yaqU7tjiHlbxRDZOpH0KW9+CeX4bRAaX0Anxt0tx2MrpRpWwQaPwIlISEJhYU5Pw==",
      "dev": true,
      "license": "MIT"
    },
    "node_modules/brace-expansion": {
      "version": "2.0.2",
      "resolved": "https://registry.npmjs.org/brace-expansion/-/brace-expansion-2.0.2.tgz",
      "integrity": "sha512-Jt0vHyM+jmUBqojB7E1NIYadt0vI0Qxjxd2TErW94wDz+E2LAm5vKMXXwg6ZZBTHPuUlDgQHKXvjGBdfcF1ZDQ==",
      "dev": true,
      "license": "MIT",
      "dependencies": {
        "balanced-match": "^1.0.0"
      }
    },
    "node_modules/chalk": {
      "version": "5.6.0",
      "resolved": "https://registry.npmjs.org/chalk/-/chalk-5.6.0.tgz",
      "integrity": "sha512-46QrSQFyVSEyYAgQ22hQ+zDa60YHA4fBstHmtSApj1Y5vKtG27fWowW03jCk5KcbXEWPZUIR894aARCA/G1kfQ==",
      "dev": true,
      "license": "MIT",
      "engines": {
        "node": "^12.17.0 || ^14.13 || >=16.0.0"
      },
      "funding": {
        "url": "https://github.com/chalk/chalk?sponsor=1"
      }
    },
    "node_modules/chardet": {
      "version": "2.1.0",
      "resolved": "https://registry.npmjs.org/chardet/-/chardet-2.1.0.tgz",
      "integrity": "sha512-bNFETTG/pM5ryzQ9Ad0lJOTa6HWD/YsScAR3EnCPZRPlQh77JocYktSHOUHelyhm8IARL+o4c4F1bP5KVOjiRA==",
      "dev": true,
      "license": "MIT"
    },
    "node_modules/cli-width": {
      "version": "4.1.0",
      "resolved": "https://registry.npmjs.org/cli-width/-/cli-width-4.1.0.tgz",
      "integrity": "sha512-ouuZd4/dm2Sw5Gmqy6bGyNNNe1qt9RpmxveLSO7KcgsTnU7RXfsw+/bukWGo1abgBiMAic068rclZsO4IWmmxQ==",
      "dev": true,
      "license": "ISC",
      "engines": {
        "node": ">= 12"
      }
    },
    "node_modules/cliui": {
      "version": "8.0.1",
      "resolved": "https://registry.npmjs.org/cliui/-/cliui-8.0.1.tgz",
      "integrity": "sha512-BSeNnyus75C4//NQ9gQt1/csTXyo/8Sb+afLAkzAptFuMsod9HFokGNudZpi/oQV73hnVK+sR+5PVRMd+Dr7YQ==",
      "dev": true,
      "license": "ISC",
      "dependencies": {
        "string-width": "^4.2.0",
        "strip-ansi": "^6.0.1",
        "wrap-ansi": "^7.0.0"
      },
      "engines": {
        "node": ">=12"
      }
    },
    "node_modules/cliui/node_modules/wrap-ansi": {
      "version": "7.0.0",
      "resolved": "https://registry.npmjs.org/wrap-ansi/-/wrap-ansi-7.0.0.tgz",
      "integrity": "sha512-YVGIj2kamLSTxw6NsZjoBxfSwsn0ycdesmc4p+Q21c5zPuZ1pl+NfxVdxPtdHvmNVOQ6XSYG4AUtyt/Fi7D16Q==",
      "dev": true,
      "license": "MIT",
      "dependencies": {
        "ansi-styles": "^4.0.0",
        "string-width": "^4.1.0",
        "strip-ansi": "^6.0.0"
      },
      "engines": {
        "node": ">=10"
      },
      "funding": {
        "url": "https://github.com/chalk/wrap-ansi?sponsor=1"
      }
    },
    "node_modules/color-convert": {
      "version": "2.0.1",
      "resolved": "https://registry.npmjs.org/color-convert/-/color-convert-2.0.1.tgz",
      "integrity": "sha512-RRECPsj7iu/xb5oKYcsFHSppFNnsj/52OVTRKb4zP5onXwVF3zVmmToNcOfGC+CRDpfK/U584fMg38ZHCaElKQ==",
      "dev": true,
      "license": "MIT",
      "dependencies": {
        "color-name": "~1.1.4"
      },
      "engines": {
        "node": ">=7.0.0"
      }
    },
    "node_modules/color-name": {
      "version": "1.1.4",
      "resolved": "https://registry.npmjs.org/color-name/-/color-name-1.1.4.tgz",
      "integrity": "sha512-dOy+3AuW3a2wNbZHIuMZpTcgjGuLU/uBL/ubcZF9OXbDo8ff4O8yVp5Bf0efS8uEoYo5q4Fx7dY9OgQGXgAsQA==",
      "dev": true,
      "license": "MIT"
    },
    "node_modules/diff": {
      "version": "7.0.0",
      "resolved": "https://registry.npmjs.org/diff/-/diff-7.0.0.tgz",
      "integrity": "sha512-PJWHUb1RFevKCwaFA9RlG5tCd+FO5iRh9A8HEtkmBH2Li03iJriB6m6JIN4rGz3K3JLawI7/veA1xzRKP6ISBw==",
      "dev": true,
      "license": "BSD-3-Clause",
      "engines": {
        "node": ">=0.3.1"
      }
    },
    "node_modules/ejs": {
      "version": "3.1.10",
      "resolved": "https://registry.npmjs.org/ejs/-/ejs-3.1.10.tgz",
      "integrity": "sha512-UeJmFfOrAQS8OJWPZ4qtgHyWExa088/MtK5UEyoJGFH67cDEXkZSviOiKRCZ4Xij0zxI3JECgYs3oKx+AizQBA==",
      "dev": true,
      "license": "Apache-2.0",
      "dependencies": {
        "jake": "^10.8.5"
      },
      "bin": {
        "ejs": "bin/cli.js"
      },
      "engines": {
        "node": ">=0.10.0"
      }
    },
    "node_modules/emoji-regex": {
      "version": "8.0.0",
      "resolved": "https://registry.npmjs.org/emoji-regex/-/emoji-regex-8.0.0.tgz",
      "integrity": "sha512-MSjYzcWNOA0ewAHpz0MxpYFvwg6yjy1NG3xteoqz644VCo/RPgnr1/GGt+ic3iJTzQ8Eu3TdM14SawnVUmGE6A==",
      "dev": true,
      "license": "MIT"
    },
    "node_modules/escalade": {
      "version": "3.2.0",
      "resolved": "https://registry.npmjs.org/escalade/-/escalade-3.2.0.tgz",
      "integrity": "sha512-WUj2qlxaQtO4g6Pq5c29GTcWGDyd8itL8zTlipgECz3JesAiiOKotd8JU6otB3PACgG6xkJUyVhboMS+bje/jA==",
      "dev": true,
      "license": "MIT",
      "engines": {
        "node": ">=6"
      }
    },
    "node_modules/filelist": {
      "version": "1.0.4",
      "resolved": "https://registry.npmjs.org/filelist/-/filelist-1.0.4.tgz",
      "integrity": "sha512-w1cEuf3S+DrLCQL7ET6kz+gmlJdbq9J7yXCSjK/OZCPA+qEN1WyF4ZAf0YYJa4/shHJra2t/d/r8SV4Ji+x+8Q==",
      "dev": true,
      "license": "Apache-2.0",
      "dependencies": {
        "minimatch": "^5.0.1"
      }
    },
    "node_modules/get-caller-file": {
      "version": "2.0.5",
      "resolved": "https://registry.npmjs.org/get-caller-file/-/get-caller-file-2.0.5.tgz",
      "integrity": "sha512-DyFP3BM/3YHTQOCUL/w0OZHR0lpKeGrxotcHWcqNEdnltqFwXVfhEBQ94eIo34AfQpo0rGki4cyIiftY06h2Fg==",
      "dev": true,
      "license": "ISC",
      "engines": {
        "node": "6.* || 8.* || >= 10.*"
      }
    },
    "node_modules/iconv-lite": {
      "version": "0.6.3",
      "resolved": "https://registry.npmjs.org/iconv-lite/-/iconv-lite-0.6.3.tgz",
      "integrity": "sha512-4fCk79wshMdzMp2rH06qWrJE4iolqLhCUH+OiuIgU++RB0+94NlDL81atO7GX55uUKueo0txHNtvEyI6D7WdMw==",
      "dev": true,
      "license": "MIT",
      "dependencies": {
        "safer-buffer": ">= 2.1.2 < 3.0.0"
      },
      "engines": {
        "node": ">=0.10.0"
      }
    },
    "node_modules/inquirer": {
      "version": "12.9.3",
      "resolved": "https://registry.npmjs.org/inquirer/-/inquirer-12.9.3.tgz",
      "integrity": "sha512-Hpw2JWdrYY8xJSmhU05Idd5FPshQ1CZErH00WO+FK6fKxkBeqj+E+yFXSlERZLKtzWeQYFCMfl8U2TK9SvVbtQ==",
      "dev": true,
      "license": "MIT",
      "dependencies": {
        "@inquirer/core": "^10.1.15",
        "@inquirer/prompts": "^7.8.3",
        "@inquirer/type": "^3.0.8",
        "ansi-escapes": "^4.3.2",
        "mute-stream": "^2.0.0",
        "run-async": "^4.0.5",
        "rxjs": "^7.8.2"
      },
      "engines": {
        "node": ">=18"
      },
      "peerDependencies": {
        "@types/node": ">=18"
      },
      "peerDependenciesMeta": {
        "@types/node": {
          "optional": true
        }
      }
    },
    "node_modules/is-fullwidth-code-point": {
      "version": "3.0.0",
      "resolved": "https://registry.npmjs.org/is-fullwidth-code-point/-/is-fullwidth-code-point-3.0.0.tgz",
      "integrity": "sha512-zymm5+u+sCsSWyD9qNaejV3DFvhCKclKdizYaJUuHA83RLjb7nSuGnddCHGv0hk+KY7BMAlsWeK4Ueg6EV6XQg==",
      "dev": true,
      "license": "MIT",
      "engines": {
        "node": ">=8"
      }
    },
    "node_modules/jake": {
      "version": "10.9.4",
      "resolved": "https://registry.npmjs.org/jake/-/jake-10.9.4.tgz",
      "integrity": "sha512-wpHYzhxiVQL+IV05BLE2Xn34zW1S223hvjtqk0+gsPrwd/8JNLXJgZZM/iPFsYc1xyphF+6M6EvdE5E9MBGkDA==",
      "dev": true,
      "license": "Apache-2.0",
      "dependencies": {
        "async": "^3.2.6",
        "filelist": "^1.0.4",
        "picocolors": "^1.1.1"
      },
      "bin": {
        "jake": "bin/cli.js"
      },
      "engines": {
        "node": ">=10"
      }
    },
    "node_modules/minimatch": {
      "version": "5.1.9",
      "resolved": "https://registry.npmjs.org/minimatch/-/minimatch-5.1.9.tgz",
      "integrity": "sha512-7o1wEA2RyMP7Iu7GNba9vc0RWWGACJOCZBJX2GJWip0ikV+wcOsgVuY9uE8CPiyQhkGFSlhuSkZPavN7u1c2Fw==",
      "dev": true,
      "license": "ISC",
      "dependencies": {
        "brace-expansion": "^2.0.1"
      },
      "engines": {
        "node": ">=10"
      }
    },
    "node_modules/mute-stream": {
      "version": "2.0.0",
      "resolved": "https://registry.npmjs.org/mute-stream/-/mute-stream-2.0.0.tgz",
      "integrity": "sha512-WWdIxpyjEn+FhQJQQv9aQAYlHoNVdzIzUySNV1gHUPDSdZJ3yZn7pAAbQcV7B56Mvu881q9FZV+0Vx2xC44VWA==",
      "dev": true,
      "license": "ISC",
      "engines": {
        "node": "^18.17.0 || >=20.5.0"
      }
    },
    "node_modules/picocolors": {
      "version": "1.1.1",
      "resolved": "https://registry.npmjs.org/picocolors/-/picocolors-1.1.1.tgz",
      "integrity": "sha512-xceH2snhtb5M9liqDsmEw56le376mTZkEX/jEb/RxNFyegNul7eNslCXP9FDj/Lcu0X8KEyMceP2ntpaHrDEVA==",
      "dev": true,
      "license": "ISC"
    },
    "node_modules/require-directory": {
      "version": "2.1.1",
      "resolved": "https://registry.npmjs.org/require-directory/-/require-directory-2.1.1.tgz",
      "integrity": "sha512-fGxEI7+wsG9xrvdjsrlmL22OMTTiHRwAMroiEeMgq8gzoLC/PQr7RsRDSTLUg/bZAZtF+TVIkHc6/4RIKrui+Q==",
      "dev": true,
      "license": "MIT",
      "engines": {
        "node": ">=0.10.0"
      }
    },
    "node_modules/run-async": {
      "version": "4.0.6",
      "resolved": "https://registry.npmjs.org/run-async/-/run-async-4.0.6.tgz",
      "integrity": "sha512-IoDlSLTs3Yq593mb3ZoKWKXMNu3UpObxhgA/Xuid5p4bbfi2jdY1Hj0m1K+0/tEuQTxIGMhQDqGjKb7RuxGpAQ==",
      "dev": true,
      "license": "MIT",
      "engines": {
        "node": ">=0.12.0"
      }
    },
    "node_modules/rxjs": {
      "version": "7.8.2",
      "resolved": "https://registry.npmjs.org/rxjs/-/rxjs-7.8.2.tgz",
      "integrity": "sha512-dhKf903U/PQZY6boNNtAGdWbG85WAbjT/1xYoZIC7FAY0yWapOBQVsVrDl58W86//e1VpMNBtRV4MaXfdMySFA==",
      "dev": true,
      "license": "Apache-2.0",
      "dependencies": {
        "tslib": "^2.1.0"
      }
    },
    "node_modules/safer-buffer": {
      "version": "2.1.2",
      "resolved": "https://registry.npmjs.org/safer-buffer/-/safer-buffer-2.1.2.tgz",
      "integrity": "sha512-YZo3K82SD7Riyi0E1EQPojLz7kpepnSQI9IyPbHHg1XXXevb5dJI7tpyN2ADxGcQbHG7vcyRHk0cbwqcQriUtg==",
      "dev": true,
      "license": "MIT"
    },
    "node_modules/shell-quote": {
      "version": "1.8.3",
      "resolved": "https://registry.npmjs.org/shell-quote/-/shell-quote-1.8.3.tgz",
      "integrity": "sha512-ObmnIF4hXNg1BqhnHmgbDETF8dLPCggZWBjkQfhZpbszZnYur5DUljTcCHii5LC3J5E0yeO/1LIMyH+UvHQgyw==",
      "dev": true,
      "license": "MIT",
      "engines": {
        "node": ">= 0.4"
      },
      "funding": {
        "url": "https://github.com/sponsors/ljharb"
      }
    },
    "node_modules/signal-exit": {
      "version": "4.1.0",
      "resolved": "https://registry.npmjs.org/signal-exit/-/signal-exit-4.1.0.tgz",
      "integrity": "sha512-bzyZ1e88w9O1iNJbKnOlvYTrWPDl46O1bG0D3XInv+9tkPrxrN8jUUTiFlDkkmKWgn1M6CfIA13SuGqOa9Korw==",
      "dev": true,
      "license": "ISC",
      "engines": {
        "node": ">=14"
      },
      "funding": {
        "url": "https://github.com/sponsors/isaacs"
      }
    },
    "node_modules/string-width": {
      "version": "4.2.3",
      "resolved": "https://registry.npmjs.org/string-width/-/string-width-4.2.3.tgz",
      "integrity": "sha512-wKyQRQpjJ0sIp62ErSZdGsjMJWsap5oRNihHhu6G7JVO/9jIB6UyevL+tXuOqrng8j/cxKTWyWUwvSTriiZz/g==",
      "dev": true,
      "license": "MIT",
      "dependencies": {
        "emoji-regex": "^8.0.0",
        "is-fullwidth-code-point": "^3.0.0",
        "strip-ansi": "^6.0.1"
      },
      "engines": {
        "node": ">=8"
      }
    },
    "node_modules/strip-ansi": {
      "version": "6.0.1",
      "resolved": "https://registry.npmjs.org/strip-ansi/-/strip-ansi-6.0.1.tgz",
      "integrity": "sha512-Y38VPSHcqkFrCpFnQ9vuSXmquuv5oXOKpGeT6aGrr3o3Gc9AlVa6JBfUSOCnbxGGZF+/0ooI7KrPuUSztUdU5A==",
      "dev": true,
      "license": "MIT",
      "dependencies": {
        "ansi-regex": "^5.0.1"
      },
      "engines": {
        "node": ">=8"
      }
    },
    "node_modules/tinybase": {
      "version": "6.5.2",
      "resolved": "https://registry.npmjs.org/tinybase/-/tinybase-6.5.2.tgz",
      "integrity": "sha512-egWlEZSyG3+qhov+l/W6A/VgXQ28jHSfXpFr25UGVxdQB8Mn9qtJjC5Avey/QY0K7v4qAt1rJccSO0XQJ0Y93A==",
      "license": "MIT",
      "peerDependencies": {
        "@automerge/automerge-repo": "^1.2.1",
        "@cloudflare/workers-types": "^4.20250813.0",
        "@electric-sql/pglite": "^0.2.17",
        "@libsql/client": "^0.15.10",
        "@powersync/common": "^1.36.0",
        "@sqlite.org/sqlite-wasm": "^3.50.4-build1",
        "@vlcn.io/crsqlite-wasm": "^0.16.0",
        "bun": "^1.2.19",
        "electric-sql": "^0.12.1",
        "expo": "^53.0.9",
        "expo-sqlite": "^15.2.14",
        "partykit": "^0.0.115",
        "partysocket": "^1.1.5",
        "postgres": "^3.4.7",
        "react": "^19.0.0",
        "react-dom": "^19.0.0",
        "react-native-mmkv": "3.3.0",
        "react-native-sqlite-storage": "^6.0.1",
        "sqlite3": "^5.1.7",
        "ws": "^8.18.3",
        "yjs": "^13.6.27"
      },
      "peerDependenciesMeta": {
        "@automerge/automerge-repo": {
          "optional": true
        },
        "@cloudflare/workers-types": {
          "optional": true
        },
        "@electric-sql/pglite": {
          "optional": true
        },
        "@libsql/client": {
          "optional": true
        },
        "@powersync/common": {
          "optional": true
        },
        "@sqlite.org/sqlite-wasm": {
          "optional": true
        },
        "@vlcn.io/crsqlite-wasm": {
          "optional": true
        },
        "bun": {
          "optional": true
        },
        "electric-sql": {
          "optional": true
        },
        "expo": {
          "optional": true
        },
        "expo-sqlite": {
          "optional": true
        },
        "partykit": {
          "optional": true
        },
        "partysocket": {
          "optional": true
        },
        "postgres": {
          "optional": true
        },
        "react": {
          "optional": true
        },
        "react-dom": {
          "optional": true
        },
        "react-native-mmkv": {
          "optional": true
        },
        "react-native-sqlite-storage": {
          "optional": true
        },
        "sqlite3": {
          "optional": true
        },
        "ws": {
          "optional": true
        },
        "yjs": {
          "optional": true
        }
      }
    },
    "node_modules/tslib": {
      "version": "2.8.1",
      "resolved": "https://registry.npmjs.org/tslib/-/tslib-2.8.1.tgz",
      "integrity": "sha512-oJFu94HQb+KVduSUQL7wnpmqnfmLsOA/nAh6b6EH0wCEoK0/mPeXU6c3wKDV83MkOuHPRHtSXKKU99IBazS/2w==",
      "dev": true,
      "license": "0BSD"
    },
    "node_modules/type-fest": {
      "version": "0.21.3",
      "resolved": "https://registry.npmjs.org/type-fest/-/type-fest-0.21.3.tgz",
      "integrity": "sha512-t0rzBq87m3fVcduHDUFhKmyyX+9eo6WQjZvf51Ea/M0Q7+T374Jp1aUiyUl0GKxp8M/OETVHSDvmkyPgvX+X2w==",
      "dev": true,
      "license": "(MIT OR CC0-1.0)",
      "engines": {
        "node": ">=10"
      },
      "funding": {
        "url": "https://github.com/sponsors/sindresorhus"
      }
    },
    "node_modules/undici-types": {
      "version": "7.10.0",
      "resolved": "https://registry.npmjs.org/undici-types/-/undici-types-7.10.0.tgz",
      "integrity": "sha512-t5Fy/nfn+14LuOc2KNYg75vZqClpAiqscVvMygNnlsHBFpSXdJaYtXMcdNLpl/Qvc3P2cB3s6lOV51nqsFq4ag==",
      "dev": true,
      "license": "MIT"
    },
    "node_modules/wrap-ansi": {
      "version": "6.2.0",
      "resolved": "https://registry.npmjs.org/wrap-ansi/-/wrap-ansi-6.2.0.tgz",
      "integrity": "sha512-r6lPcBGxZXlIcymEu7InxDMhdW0KDxpLgoFLcguasxCaJ/SOIZwINatK9KY/tf+ZrlywOKU0UDj3ATXUBfxJXA==",
      "dev": true,
      "license": "MIT",
      "dependencies": {
        "ansi-styles": "^4.0.0",
        "string-width": "^4.1.0",
        "strip-ansi": "^6.0.0"
      },
      "engines": {
        "node": ">=8"
      }
    },
    "node_modules/ws": {
      "version": "8.18.3",
      "resolved": "https://registry.npmjs.org/ws/-/ws-8.18.3.tgz",
      "integrity": "sha512-PEIGCY5tSlUt50cqyMXfCzX+oOPqN0vuGqWzbcJ2xvnkzkq46oOpz7dQaTDBdfICb4N14+GARUDw2XV2N4tvzg==",
      "license": "MIT",
      "engines": {
        "node": ">=10.0.0"
      },
      "peerDependencies": {
        "bufferutil": "^4.0.1",
        "utf-8-validate": ">=5.0.2"
      },
      "peerDependenciesMeta": {
        "bufferutil": {
          "optional": true
        },
        "utf-8-validate": {
          "optional": true
        }
      }
    },
    "node_modules/y18n": {
      "version": "5.0.8",
      "resolved": "https://registry.npmjs.org/y18n/-/y18n-5.0.8.tgz",
      "integrity": "sha512-0pfFzegeDWJHJIAmTLRP2DwHjdF5s7jo9tuztdQxAhINCdvS+3nGINqPd00AphqJR/0LhANUS6/+7SCb98YOfA==",
      "dev": true,
      "license": "ISC",
      "engines": {
        "node": ">=10"
      }
    },
    "node_modules/yargs": {
      "version": "17.7.2",
      "resolved": "https://registry.npmjs.org/yargs/-/yargs-17.7.2.tgz",
      "integrity": "sha512-7dSzzRQ++CKnNI/krKnYRV7JKKPUXMEh61soaHKg9mrWEhzFWhFnxPxGl+69cD1Ou63C13NUPCnmIcrvqCuM6w==",
      "dev": true,
      "license": "MIT",
      "dependencies": {
        "cliui": "^8.0.1",
        "escalade": "^3.1.1",
        "get-caller-file": "^2.0.5",
        "require-directory": "^2.1.1",
        "string-width": "^4.2.3",
        "y18n": "^5.0.5",
        "yargs-parser": "^21.1.1"
      },
      "engines": {
        "node": ">=12"
      }
    },
    "node_modules/yargs-parser": {
      "version": "21.1.1",
      "resolved": "https://registry.npmjs.org/yargs-parser/-/yargs-parser-21.1.1.tgz",
      "integrity": "sha512-tVpsJW7DdjecAiFpbIB1e3qxIQsE6NoPc5/eTdrbbIC4h0LVsWhnoa3g+m2HclBIujHzsxZ4VJVA+GUuc2/LBw==",
      "dev": true,
      "license": "ISC",
      "engines": {
        "node": ">=12"
      }
    },
    "node_modules/yoctocolors-cjs": {
      "version": "2.1.2",
      "resolved": "https://registry.npmjs.org/yoctocolors-cjs/-/yoctocolors-cjs-2.1.2.tgz",
      "integrity": "sha512-cYVsTjKl8b+FrnidjibDWskAv7UKOfcwaVZdp/it9n1s9fU3IkgDbhdIRKCW4JDsAlECJY0ytoVPT3sK6kideA==",
      "dev": true,
      "license": "MIT",
      "engines": {
        "node": ">=18"
      },
      "funding": {
        "url": "https://github.com/sponsors/sindresorhus"
      }
    }
  }
}
